
Microsoft Visual Studio Solution File, Format Version 12.00
# Visual Studio Version 17
VisualStudioVersion = 17.7.34024.191
MinimumVisualStudioVersion = 10.0.40219.1
Project("{FAE04EC0-301F-11D3-BF4B-00C04F79EFBC}") = "payroll-system", "payroll-system\payroll-system.csproj", "{3010A7AE-E434-49D8-9C98-DE0CFEB69C7D}"
EndProject
Project("{FAE04EC0-301F-11D3-BF4B-00C04F79EFBC}") = "DataHelper", "DataHelper\DataHelper.csproj", "{FD719E5F-1876-4BB1-9C72-3C0FAD038B0E}"
EndProject
Global
	GlobalSection(SolutionConfigurationPlatforms) = preSolution
		Debug|Any CPU = Debug|Any CPU
		Release|Any CPU = Release|Any CPU
	EndGlobalSection
	GlobalSection(ProjectConfigurationPlatforms) = postSolution
		{3010A7AE-E434-49D8-9C98-DE0CFEB69C7D}.Debug|Any CPU.ActiveCfg = Debug|Any CPU
		{3010A7AE-E434-49D8-9C98-DE0CFEB69C7D}.Debug|Any CPU.Build.0 = Debug|Any CPU
		{3010A7AE-E434-49D8-9C98-DE0CFEB69C7D}.Release|Any CPU.ActiveCfg = Release|Any CPU
		{3010A7AE-E434-49D8-9C98-DE0CFEB69C7D}.Release|Any CPU.Build.0 = Release|Any CPU
		{FD719E5F-1876-4BB1-9C72-3C0FAD038B0E}.Debug|Any CPU.ActiveCfg = Debug|Any CPU
		{FD719E5F-1876-4BB1-9C72-3C0FAD038B0E}.Debug|Any CPU.Build.0 = Debug|Any CPU
		{FD719E5F-1876-4BB1-9C72-3C0FAD038B0E}.Release|Any CPU.ActiveCfg = Release|Any CPU
		{FD719E5F-1876-4BB1-9C72-3C0FAD038B0E}.Release|Any CPU.Build.0 = Release|Any CPU
	EndGlobalSection
	GlobalSection(SolutionProperties) = preSolution
		HideSolutionNode = FALSE
	EndGlobalSection
	GlobalSection(ExtensibilityGlobals) = postSolution
		SolutionGuid = {ED25A98F-DDC7-4D0C-9A0E-0EC65C5AD28C}
	EndGlobalSection
EndGlobal
